
Microsoft Visual Studio Solution File, Format Version 12.00
# Visual Studio 15
VisualStudioVersion = 15.0.28307.489
MinimumVisualStudioVersion = 10.0.40219.1
Project("{9A19103F-16F7-4668-BE54-9A1E7A4F7556}") = "UIVP.Protocol.Core", "UIVP.Protocol.Core\UIVP.Protocol.Core.csproj", "{2B111B03-C499-4DE7-ADCC-1ECD3FF7FD86}"
EndProject
Project("{9A19103F-16F7-4668-BE54-9A1E7A4F7556}") = "UIVP.Protocol.Core.Tests", "UIVP.Protocol.Core.Tests\UIVP.Protocol.Core.Tests.csproj", "{BBC278CF-F03E-4C24-B464-D36FDA8F35E6}"
EndProject
Project("{9A19103F-16F7-4668-BE54-9A1E7A4F7556}") = "UIVP.Protocol.Integration.Tests", "UIVP.Protocol.Integration.Tests\UIVP.Protocol.Integration.Tests.csproj", "{4321190C-4A12-44ED-A22C-F67203D41FD4}"
EndProject
Project("{9A19103F-16F7-4668-BE54-9A1E7A4F7556}") = "UIVP.Protocol.Core.Iota", "UIVP.Protocol.Core.Iota\UIVP.Protocol.Core.Iota.csproj", "{477FAFE7-253F-4609-A85E-DB62EF772249}"
EndProject
Project("{9A19103F-16F7-4668-BE54-9A1E7A4F7556}") = "UIVP.Protocol.Core.Iota.Tests", "UIVP.Protocol.Core.Iota.Tests\UIVP.Protocol.Core.Iota.Tests.csproj", "{66C932F6-E956-4CCA-BB60-8B70169E8774}"
EndProject
Project("{FAE04EC0-301F-11D3-BF4B-00C04F79EFBC}") = "UIVP.Protocol.Console", "UIVP.Protocol.Console\UIVP.Protocol.Console.csproj", "{EF579D25-4BC8-4DD3-BD24-5B1B02C0A6AD}"
EndProject
Global
	GlobalSection(SolutionConfigurationPlatforms) = preSolution
		Debug|Any CPU = Debug|Any CPU
		Debug|x86 = Debug|x86
		Release|Any CPU = Release|Any CPU
		Release|x86 = Release|x86
	EndGlobalSection
	GlobalSection(ProjectConfigurationPlatforms) = postSolution
		{2B111B03-C499-4DE7-ADCC-1ECD3FF7FD86}.Debug|Any CPU.ActiveCfg = Debug|Any CPU
		{2B111B03-C499-4DE7-ADCC-1ECD3FF7FD86}.Debug|Any CPU.Build.0 = Debug|Any CPU
		{2B111B03-C499-4DE7-ADCC-1ECD3FF7FD86}.Debug|x86.ActiveCfg = Debug|Any CPU
		{2B111B03-C499-4DE7-ADCC-1ECD3FF7FD86}.Debug|x86.Build.0 = Debug|Any CPU
		{2B111B03-C499-4DE7-ADCC-1ECD3FF7FD86}.Release|Any CPU.ActiveCfg = Release|Any CPU
		{2B111B03-C499-4DE7-ADCC-1ECD3FF7FD86}.Release|Any CPU.Build.0 = Release|Any CPU
		{2B111B03-C499-4DE7-ADCC-1ECD3FF7FD86}.Release|x86.ActiveCfg = Release|Any CPU
		{2B111B03-C499-4DE7-ADCC-1ECD3FF7FD86}.Release|x86.Build.0 = Release|Any CPU
		{BBC278CF-F03E-4C24-B464-D36FDA8F35E6}.Debug|Any CPU.ActiveCfg = Debug|Any CPU
		{BBC278CF-F03E-4C24-B464-D36FDA8F35E6}.Debug|Any CPU.Build.0 = Debug|Any CPU
		{BBC278CF-F03E-4C24-B464-D36FDA8F35E6}.Debug|x86.ActiveCfg = Debug|Any CPU
		{BBC278CF-F03E-4C24-B464-D36FDA8F35E6}.Debug|x86.Build.0 = Debug|Any CPU
		{BBC278CF-F03E-4C24-B464-D36FDA8F35E6}.Release|Any CPU.ActiveCfg = Release|Any CPU
		{BBC278CF-F03E-4C24-B464-D36FDA8F35E6}.Release|Any CPU.Build.0 = Release|Any CPU
		{BBC278CF-F03E-4C24-B464-D36FDA8F35E6}.Release|x86.ActiveCfg = Release|Any CPU
		{BBC278CF-F03E-4C24-B464-D36FDA8F35E6}.Release|x86.Build.0 = Release|Any CPU
		{4321190C-4A12-44ED-A22C-F67203D41FD4}.Debug|Any CPU.ActiveCfg = Debug|Any CPU
		{4321190C-4A12-44ED-A22C-F67203D41FD4}.Debug|Any CPU.Build.0 = Debug|Any CPU
		{4321190C-4A12-44ED-A22C-F67203D41FD4}.Debug|x86.ActiveCfg = Debug|Any CPU
		{4321190C-4A12-44ED-A22C-F67203D41FD4}.Debug|x86.Build.0 = Debug|Any CPU
		{4321190C-4A12-44ED-A22C-F67203D41FD4}.Release|Any CPU.ActiveCfg = Release|Any CPU
		{4321190C-4A12-44ED-A22C-F67203D41FD4}.Release|Any CPU.Build.0 = Release|Any CPU
		{4321190C-4A12-44ED-A22C-F67203D41FD4}.Release|x86.ActiveCfg = Release|Any CPU
		{4321190C-4A12-44ED-A22C-F67203D41FD4}.Release|x86.Build.0 = Release|Any CPU
		{477FAFE7-253F-4609-A85E-DB62EF772249}.Debug|Any CPU.ActiveCfg = Debug|Any CPU
		{477FAFE7-253F-4609-A85E-DB62EF772249}.Debug|Any CPU.Build.0 = Debug|Any CPU
		{477FAFE7-253F-4609-A85E-DB62EF772249}.Debug|x86.ActiveCfg = Debug|Any CPU
		{477FAFE7-253F-4609-A85E-DB62EF772249}.Debug|x86.Build.0 = Debug|Any CPU
		{477FAFE7-253F-4609-A85E-DB62EF772249}.Release|Any CPU.ActiveCfg = Release|Any CPU
		{477FAFE7-253F-4609-A85E-DB62EF772249}.Release|Any CPU.Build.0 = Release|Any CPU
		{477FAFE7-253F-4609-A85E-DB62EF772249}.Release|x86.ActiveCfg = Release|Any CPU
		{477FAFE7-253F-4609-A85E-DB62EF772249}.Release|x86.Build.0 = Release|Any CPU
		{66C932F6-E956-4CCA-BB60-8B70169E8774}.Debug|Any CPU.ActiveCfg = Debug|Any CPU
		{66C932F6-E956-4CCA-BB60-8B70169E8774}.Debug|Any CPU.Build.0 = Debug|Any CPU
		{66C932F6-E956-4CCA-BB60-8B70169E8774}.Debug|x86.ActiveCfg = Debug|Any CPU
		{66C932F6-E956-4CCA-BB60-8B70169E8774}.Debug|x86.Build.0 = Debug|Any CPU
		{66C932F6-E956-4CCA-BB60-8B70169E8774}.Release|Any CPU.ActiveCfg = Release|Any CPU
		{66C932F6-E956-4CCA-BB60-8B70169E8774}.Release|Any CPU.Build.0 = Release|Any CPU
		{66C932F6-E956-4CCA-BB60-8B70169E8774}.Release|x86.ActiveCfg = Release|Any CPU
		{66C932F6-E956-4CCA-BB60-8B70169E8774}.Release|x86.Build.0 = Release|Any CPU
		{EF579D25-4BC8-4DD3-BD24-5B1B02C0A6AD}.Debug|Any CPU.ActiveCfg = Debug|Any CPU
		{EF579D25-4BC8-4DD3-BD24-5B1B02C0A6AD}.Debug|Any CPU.Build.0 = Debug|Any CPU
		{EF579D25-4BC8-4DD3-BD24-5B1B02C0A6AD}.Debug|x86.ActiveCfg = Debug|Any CPU
		{EF579D25-4BC8-4DD3-BD24-5B1B02C0A6AD}.Debug|x86.Build.0 = Debug|Any CPU
		{EF579D25-4BC8-4DD3-BD24-5B1B02C0A6AD}.Release|Any CPU.ActiveCfg = Release|Any CPU
		{EF579D25-4BC8-4DD3-BD24-5B1B02C0A6AD}.Release|Any CPU.Build.0 = Release|Any CPU
		{EF579D25-4BC8-4DD3-BD24-5B1B02C0A6AD}.Release|x86.ActiveCfg = Release|Any CPU
		{EF579D25-4BC8-4DD3-BD24-5B1B02C0A6AD}.Release|x86.Build.0 = Release|Any CPU
	EndGlobalSection
	GlobalSection(SolutionProperties) = preSolution
		HideSolutionNode = FALSE
	EndGlobalSection
	GlobalSection(ExtensibilityGlobals) = postSolution
		SolutionGuid = {8DCEC0F6-99C1-4C1A-9613-A00F67CDF87A}
	EndGlobalSection
EndGlobal
